Microsoft Visual Studio Solution File, Format Version 12.00
# Visual Studio Version 17
VisualStudioVersion = 17.5.2.0
MinimumVisualStudioVersion = 10.0.40219.1
Project("{FAE04EC0-301F-11D3-BF4B-00C04F79EFBC}") = "WorldBank_CRUD", "WorldBank_CRUD\WorldBank_CRUD.csproj", "{28BF509C-8D33-7DD0-A4FF-92F0EBC76911}"
EndProject
Global
	GlobalSection(SolutionConfigurationPlatforms) = preSolution
		Debug|Any CPU = Debug|Any CPU
		Release|Any CPU = Release|Any CPU
	EndGlobalSection
	GlobalSection(ProjectConfigurationPlatforms) = postSolution
		{28BF509C-8D33-7DD0-A4FF-92F0EBC76911}.Debug|Any CPU.ActiveCfg = Debug|Any CPU
		{28BF509C-8D33-7DD0-A4FF-92F0EBC76911}.Debug|Any CPU.Build.0 = Debug|Any CPU
		{28BF509C-8D33-7DD0-A4FF-92F0EBC76911}.Release|Any CPU.ActiveCfg = Release|Any CPU
		{28BF509C-8D33-7DD0-A4FF-92F0EBC76911}.Release|Any CPU.Build.0 = Release|Any CPU
	EndGlobalSection
	GlobalSection(SolutionProperties) = preSolution
		HideSolutionNode = FALSE
	EndGlobalSection
	GlobalSection(ExtensibilityGlobals) = postSolution
		SolutionGuid = {9FF02C77-9F58-415A-806C-C8B5990E067D}
	EndGlobalSection
EndGlobal
